
Microsoft Visual Studio Solution File, Format Version 12.00
# Visual Studio Version 17
VisualStudioVersion = 17.0.32014.148
MinimumVisualStudioVersion = 10.0.40219.1
Project("{FAE04EC0-301F-11D3-BF4B-00C04F79EFBC}") = "PicoSim", "PicoSim\PicoSim.csproj", "{DA8F6E55-51F0-4032-826C-E92CCFE7E089}"
EndProject
Project("{FAE04EC0-301F-11D3-BF4B-00C04F79EFBC}") = "RVsim.Specification", "RVsim.Specification\RVsim.Specification.csproj", "{8BE5E751-6027-4DA0-83A0-97E9FC5BBAEB}"
EndProject
Project("{FAE04EC0-301F-11D3-BF4B-00C04F79EFBC}") = "RVsim", "RVsim\RVsim.csproj", "{75FF1426-45C2-4849-B059-6A62EAD22F98}"
EndProject
Global
	GlobalSection(SolutionConfigurationPlatforms) = preSolution
		Debug|Any CPU = Debug|Any CPU
		Release|Any CPU = Release|Any CPU
	EndGlobalSection
	GlobalSection(ProjectConfigurationPlatforms) = postSolution
		{DA8F6E55-51F0-4032-826C-E92CCFE7E089}.Debug|Any CPU.ActiveCfg = Debug|Any CPU
		{DA8F6E55-51F0-4032-826C-E92CCFE7E089}.Debug|Any CPU.Build.0 = Debug|Any CPU
		{DA8F6E55-51F0-4032-826C-E92CCFE7E089}.Release|Any CPU.ActiveCfg = Release|Any CPU
		{DA8F6E55-51F0-4032-826C-E92CCFE7E089}.Release|Any CPU.Build.0 = Release|Any CPU
		{8BE5E751-6027-4DA0-83A0-97E9FC5BBAEB}.Debug|Any CPU.ActiveCfg = Debug|Any CPU
		{8BE5E751-6027-4DA0-83A0-97E9FC5BBAEB}.Debug|Any CPU.Build.0 = Debug|Any CPU
		{8BE5E751-6027-4DA0-83A0-97E9FC5BBAEB}.Release|Any CPU.ActiveCfg = Release|Any CPU
		{8BE5E751-6027-4DA0-83A0-97E9FC5BBAEB}.Release|Any CPU.Build.0 = Release|Any CPU
		{75FF1426-45C2-4849-B059-6A62EAD22F98}.Debug|Any CPU.ActiveCfg = Debug|Any CPU
		{75FF1426-45C2-4849-B059-6A62EAD22F98}.Debug|Any CPU.Build.0 = Debug|Any CPU
		{75FF1426-45C2-4849-B059-6A62EAD22F98}.Release|Any CPU.ActiveCfg = Release|Any CPU
		{75FF1426-45C2-4849-B059-6A62EAD22F98}.Release|Any CPU.Build.0 = Release|Any CPU
	EndGlobalSection
	GlobalSection(SolutionProperties) = preSolution
		HideSolutionNode = FALSE
	EndGlobalSection
	GlobalSection(ExtensibilityGlobals) = postSolution
		SolutionGuid = {32CAFC15-BDAA-41DB-9009-11C68C41166E}
	EndGlobalSection
EndGlobal
